// !$*UTF8*$!
{
	archiveVersion = 1;
	classes = {
	};
	objectVersion = 50;
	objects = {

/* Begin PBXBuildFile section */
		75EBDF8821AD17DC008D628A /* AppDelegate.m in Sources */ = {isa = PBXBuildFile; fileRef = 75EBDF8721AD17DC008D628A /* AppDelegate.m */; };
		75EBDF8E21AD17DC008D628A /* Main.storyboard in Resources */ = {isa = PBXBuildFile; fileRef = 75EBDF8C21AD17DC008D628A /* Main.storyboard */; };
		75EBDF9021AD17DD008D628A /* Assets.xcassets in Resources */ = {isa = PBXBuildFile; fileRef = 75EBDF8F21AD17DD008D628A /* Assets.xcassets */; };
		75EBDF9321AD17DD008D628A /* LaunchScreen.storyboard in Resources */ = {isa = PBXBuildFile; fileRef = 75EBDF9121AD17DD008D628A /* LaunchScreen.storyboard */; };
		75EBDF9621AD17DD008D628A /* main.m in Sources */ = {isa = PBXBuildFile; fileRef = 75EBDF9521AD17DD008D628A /* main.m */; };
		75EBDF9E21AD180E008D628A /* TableViewController.m in Sources */ = {isa = PBXBuildFile; fileRef = 75EBDF9D21AD180E008D628A /* TableViewController.m */; };
		75EBDFA121AD1942008D628A /* UITableView+YYDefaultDisplayView.m in Sources */ = {isa = PBXBuildFile; fileRef = 75EBDFA021AD1942008D628A /* UITableView+YYDefaultDisplayView.m */; };
/* End PBXBuildFile section */

/* Begin PBXFileReference section */
		75EBDF8321AD17DC008D628A /* RunTime-Method Swizzling.app */ = {isa = PBXFileReference; explicitFileType = wrapper.application; includeInIndex = 0; path = "RunTime-Method Swizzling.app"; sourceTree = BUILT_PRODUCTS_DIR; };
		75EBDF8621AD17DC008D628A /* AppDelegate.h */ = {isa = PBXFileReference; lastKnownFileType = sourcecode.c.h; path = AppDelegate.h; sourceTree = "<group>"; };
		75EBDF8721AD17DC008D628A /* AppDelegate.m */ = {isa = PBXFileReference; lastKnownFileType = sourcecode.c.objc; path = AppDelegate.m; sourceTree = "<group>"; };
		75EBDF8D21AD17DC008D628A /* Base */ = {isa = PBXFileReference; lastKnownFileType = file.storyboard; name = Base; path = Base.lproj/Main.storyboard; sourceTree = "<group>"; };
		75EBDF8F21AD17DD008D628A /* Assets.xcassets */ = {isa = PBXFileReference; lastKnownFileType = folder.assetcatalog; path = Assets.xcassets; sourceTree = "<group>"; };
		75EBDF9221AD17DD008D628A /* Base */ = {isa = PBXFileReference; lastKnownFileType = file.storyboard; name = Base; path = Base.lproj/LaunchScreen.storyboard; sourceTree = "<group>"; };
		75EBDF9421AD17DD008D628A /* Info.plist */ = {isa = PBXFileReference; lastKnownFileType = text.plist.xml; path = Info.plist; sourceTree = "<group>"; };
		75EBDF9521AD17DD008D628A /* main.m */ = {isa = PBXFileReference; lastKnownFileType = sourcecode.c.objc; path = main.m; sourceTree = "<group>"; };
		75EBDF9C21AD180E008D628A /* TableViewController.h */ = {isa = PBXFileReference; lastKnownFileType = sourcecode.c.h; path = TableViewController.h; sourceTree = "<group>"; };
		75EBDF9D21AD180E008D628A /* TableViewController.m */ = {isa = PBXFileReference; lastKnownFileType = sourcecode.c.objc; path = TableViewController.m; sourceTree = "<group>"; };
		75EBDF9F21AD1942008D628A /* UITableView+YYDefaultDisplayView.h */ = {isa = PBXFileReference; lastKnownFileType = sourcecode.c.h; path = "UITableView+YYDefaultDisplayView.h"; sourceTree = "<group>"; };
		75EBDFA021AD1942008D628A /* UITableView+YYDefaultDisplayView.m */ = {isa = PBXFileReference; lastKnownFileType = sourcecode.c.objc; path = "UITableView+YYDefaultDisplayView.m"; sourceTree = "<group>"; };
/* End PBXFileReference section */

/* Begin PBXFrameworksBuildPhase section */
		75EBDF8021AD17DC008D628A /* Frameworks */ = {
			isa = PBXFrameworksBuildPhase;
			buildActionMask = 2147483647;
			files = (
			);
			runOnlyForDeploymentPostprocessing = 0;
		};
/* End PBXFrameworksBuildPhase section */

/* Begin PBXGroup section */
		75EBDF7A21AD17DC008D628A = {
			isa = PBXGroup;
			children = (
				75EBDF8521AD17DC008D628A /* RunTime-Method Swizzling */,
				75EBDF8421AD17DC008D628A /* Products */,
			);
			sourceTree = "<group>";
		};
		75EBDF8421AD17DC008D628A /* Products */ = {
			isa = PBXGroup;
			children = (
				75EBDF8321AD17DC008D628A /* RunTime-Method Swizzling.app */,
			);
			name = Products;
			sourceTree = "<group>";
		};
		75EBDF8521AD17DC008D628A /* RunTime-Method Swizzling */ = {
			isa = PBXGroup;
			children = (
				75EBDF8621AD17DC008D628A /* AppDelegate.h */,
				75EBDF8721AD17DC008D628A /* AppDelegate.m */,
				75EBDF9C21AD180E008D628A /* TableViewController.h */,
				75EBDF9D21AD180E008D628A /* TableViewController.m */,
				75EBDF9F21AD1942008D628A /* UITableView+YYDefaultDisplayView.h */,
				75EBDFA021AD1942008D628A /* UITableView+YYDefaultDisplayView.m */,
				75EBDF8C21AD17DC008D628A /* Main.storyboard */,
				75EBDF8F21AD17DD008D628A /* Assets.xcassets */,
				75EBDF9121AD17DD008D628A /* LaunchScreen.storyboard */,
				75EBDF9421AD17DD008D628A /* Info.plist */,
				75EBDF9521AD17DD008D628A /* main.m */,
			);
			path = "RunTime-Method Swizzling";
			sourceTree = "<group>";
		};
/* End PBXGroup section */

/* Begin PBXNativeTarget section */
		75EBDF8221AD17DC008D628A /* RunTime-Method Swizzling */ = {
			isa = PBXNativeTarget;
			buildConfigurationList = 75EBDF9921AD17DD008D628A /* Build configuration list for PBXNativeTarget "RunTime-Method Swizzling" */;
			buildPhases = (
				75EBDF7F21AD17DC008D628A /* Sources */,
				75EBDF8021AD17DC008D628A /* Frameworks */,
				75EBDF8121AD17DC008D628A /* Resources */,
			);
			buildRules = (
			);
			dependencies = (
			);
			name = "RunTime-Method Swizzling";
			productName = "RunTime-Method Swizzling";
			productReference = 75EBDF8321AD17DC008D628A /* RunTime-Method Swizzling.app */;
			productType = "com.apple.product-type.application";
		};
/* End PBXNativeTarget section */

/* Begin PBXProject section */
		75EBDF7B21AD17DC008D628A /* Project object */ = {
			isa = PBXProject;
			attributes = {
				LastUpgradeCheck = 1010;
				ORGANIZATIONNAME = FetureVersion;
				TargetAttributes = {
					75EBDF8221AD17DC008D628A = {
						CreatedOnToolsVersion = 10.1;
					};
				};
			};
			buildConfigurationList = 75EBDF7E21AD17DC008D628A /* Build configuration list for PBXProject "RunTime-Method Swizzling" */;
			compatibilityVersion = "Xcode 9.3";
			developmentRegion = en;
			hasScannedForEncodings = 0;
			knownRegions = (
				en,
				Base,
			);
			mainGroup = 75EBDF7A21AD17DC008D628A;
			productRefGroup = 75EBDF8421AD17DC008D628A /* Products */;
			projectDirPath = "";
			projectRoot = "";
			targets = (
				75EBDF8221AD17DC008D628A /* RunTime-Method Swizzling */,
			);
		};
/* End PBXProject section */

/* Begin PBXResourcesBuildPhase section */
		75EBDF8121AD17DC008D628A /* Resources */ = {
			isa = PBXResourcesBuildPhase;
			buildActionMask = 2147483647;
			files = (
				75EBDF9321AD17DD008D628A /* LaunchScreen.storyboard in Resources */,
				75EBDF9021AD17DD008D628A /* Assets.xcassets in Resources */,
				75EBDF8E21AD17DC008D628A /* Main.storyboard in Resources */,
			);
			runOnlyForDeploymentPostprocessing = 0;
		};
/* End PBXResourcesBuildPhase section */

/* Begin PBXSourcesBuildPhase section */
		75EBDF7F21AD17DC008D628A /* Sources */ = {
			isa = PBXSourcesBuildPhase;
			buildActionMask = 2147483647;
			files = (
				75EBDF9621AD17DD008D628A /* main.m in Sources */,
				75EBDFA121AD1942008D628A /* UITableView+YYDefaultDisplayView.m in Sources */,
				75EBDF9E21AD180E008D628A /* TableViewController.m in Sources */,
				75EBDF8821AD17DC008D628A /* AppDelegate.m in Sources */,
			);
			runOnlyForDeploymentPostprocessing = 0;
		};
/* End PBXSourcesBuildPhase section */

/* Begin PBXVariantGroup section */
		75EBDF8C21AD17DC008D628A /* Main.storyboard */ = {
			isa = PBXVariantGroup;
			children = (
				75EBDF8D21AD17DC008D628A /* Base */,
			);
			name = Main.storyboard;
			sourceTree = "<group>";
		};
		75EBDF9121AD17DD008D628A /* LaunchScreen.storyboard */ = {
			isa = PBXVariantGroup;
			children = (
				75EBDF9221AD17DD008D628A /* Base */,
			);
			name = LaunchScreen.storyboard;
			sourceTree = "<group>";
		};
/* End PBXVariantGroup section */

/* Begin XCBuildConfiguration section */
		75EBDF9721AD17DD008D628A /* Debug */ = {
			isa = XCBuildConfiguration;
			buildSettings = {
				ALWAYS_SEARCH_USER_PATHS = NO;
				CLANG_ANALYZER_NONNULL = YES;
				CLANG_ANALYZER_NUMBER_OBJECT_CONVERSION = YES_AGGRESSIVE;
				CLANG_CXX_LANGUAGE_STANDARD = "gnu++14";
				CLANG_CXX_LIBRARY = "libc++";
				CLANG_ENABLE_MODULES = YES;
				CLANG_ENABLE_OBJC_ARC = YES;
				CLANG_ENABLE_OBJC_WEAK = YES;
				CLANG_WARN_BLOCK_CAPTURE_AUTORELEASING = YES;
				CLANG_WARN_BOOL_CONVERSION = YES;
				CLANG_WARN_COMMA = YES;
				CLANG_WARN_CONSTANT_CONVERSION = YES;
				CLANG_WARN_DEPRECATED_OBJC_IMPLEMENTATIONS = YES;
				CLANG_WARN_DIRECT_OBJC_ISA_USAGE = YES_ERROR;
				CLANG_WARN_DOCUMENTATION_COMMENTS = YES;
				CLANG_WARN_EMPTY_BODY = YES;
				CLANG_WARN_ENUM_CONVERSION = YES;
				CLANG_WARN_INFINITE_RECURSION = YES;
				CLANG_WARN_INT_CONVERSION = YES;
				CLANG_WARN_NON_LITERAL_NULL_CONVERSION = YES;
				CLANG_WARN_OBJC_IMPLICIT_RETAIN_SELF = YES;
				CLANG_WARN_OBJC_LITERAL_CONVERSION = YES;
				CLANG_WARN_OBJC_ROOT_CLASS = YES_ERROR;
				CLANG_WARN_RANGE_LOOP_ANALYSIS = YES;
				CLANG_WARN_STRICT_PROTOTYPES = YES;
				CLANG_WARN_SUSPICIOUS_MOVE = YES;
				CLANG_WARN_UNGUARDED_AVAILABILITY = YES_AGGRESSIVE;
				CLANG_WARN_UNREACHABLE_CODE = YES;
				CLANG_WARN__DUPLICATE_METHOD_MATCH = YES;
				CODE_SIGN_IDENTITY = "iPhone Developer";
				COPY_PHASE_STRIP = NO;
				DEBUG_INFORMATION_FORMAT = dwarf;
				ENABLE_STRICT_OBJC_MSGSEND = YES;
				ENABLE_TESTABILITY = YES;
				GCC_C_LANGUAGE_STANDARD = gnu11;
				GCC_DYNAMIC_NO_PIC = NO;
				GCC_NO_COMMON_BLOCKS = YES;
				GCC_OPTIMIZATION_LEVEL = 0;
				GCC_PREPROCESSOR_DEFINITIONS = (
					"DEBUG=1",
					"$(inherited)",
				);
				GCC_WARN_64_TO_32_BIT_CONVERSION = YES;
				GCC_WARN_ABOUT_RETURN_TYPE = YES_ERROR;
				GCC_WARN_UNDECLARED_SELECTOR = YES;
				GCC_WARN_UNINITIALIZED_AUTOS = YES_AGGRESSIVE;
				GCC_WARN_UNUSED_FUNCTION = YES;
				GCC_WARN_UNUSED_VARIABLE = YES;
				IPHONEOS_DEPLOYMENT_TARGET = 12.1;
				MTL_ENABLE_DEBUG_INFO = INCLUDE_SOURCE;
				MTL_FAST_MATH = YES;
				ONLY_ACTIVE_ARCH = YES;
				SDKROOT = iphoneos;
			};
			name = Debug;
		};
		75EBDF9821AD17DD008D628A /* Release */ = {
			isa = XCBuildConfiguration;
			buildSettings = {
				ALWAYS_SEARCH_USER_PATHS = NO;
				CLANG_ANALYZER_NONNULL = YES;
				CLANG_ANALYZER_NUMBER_OBJECT_CONVERSION = YES_AGGRESSIVE;
				CLANG_CXX_LANGUAGE_STANDARD = "gnu++14";
				CLANG_CXX_LIBRARY = "libc++";
				CLANG_ENABLE_MODULES = YES;
				CLANG_ENABLE_OBJC_ARC = YES;
				CLANG_ENABLE_OBJC_WEAK = YES;
				CLANG_WARN_BLOCK_CAPTURE_AUTORELEASING = YES;
				CLANG_WARN_BOOL_CONVERSION = YES;
				CLANG_WARN_COMMA = YES;
				CLANG_WARN_CONSTANT_CONVERSION = YES;
				CLANG_WARN_DEPRECATED_OBJC_IMPLEMENTATIONS = YES;
				CLANG_WARN_DIRECT_OBJC_ISA_USAGE = YES_ERROR;
				CLANG_WARN_DOCUMENTATION_COMMENTS = YES;
				CLANG_WARN_EMPTY_BODY = YES;
				CLANG_WARN_ENUM_CONVERSION = YES;
				CLANG_WARN_INFINITE_RECURSION = YES;
				CLANG_WARN_INT_CONVERSION = YES;
				CLANG_WARN_NON_LITERAL_NULL_CONVERSION = YES;
				CLANG_WARN_OBJC_IMPLICIT_RETAIN_SELF = YES;
				CLANG_WARN_OBJC_LITERAL_CONVERSION = YES;
				CLANG_WARN_OBJC_ROOT_CLASS = YES_ERROR;
				CLANG_WARN_RANGE_LOOP_ANALYSIS = YES;
				CLANG_WARN_STRICT_PROTOTYPES = YES;
				CLANG_WARN_SUSPICIOUS_MOVE = YES;
				CLANG_WARN_UNGUARDED_AVAILABILITY = YES_AGGRESSIVE;
				CLANG_WARN_UNREACHABLE_CODE = YES;
				CLANG_WARN__DUPLICATE_METHOD_MATCH = YES;
				CODE_SIGN_IDENTITY = "iPhone Developer";
				COPY_PHASE_STRIP = NO;
				DEBUG_INFORMATION_FORMAT = "dwarf-with-dsym";
				ENABLE_NS_ASSERTIONS = NO;
				ENABLE_STRICT_OBJC_MSGSEND = YES;
				GCC_C_LANGUAGE_STANDARD = gnu11;
				GCC_NO_COMMON_BLOCKS = YES;
				GCC_WARN_64_TO_32_BIT_CONVERSION = YES;
				GCC_WARN_ABOUT_RETURN_TYPE = YES_ERROR;
				GCC_WARN_UNDECLARED_SELECTOR = YES;
				GCC_WARN_UNINITIALIZED_AUTOS = YES_AGGRESSIVE;
				GCC_WARN_UNUSED_FUNCTION = YES;
				GCC_WARN_UNUSED_VARIABLE = YES;
				IPHONEOS_DEPLOYMENT_TARGET = 12.1;
				MTL_ENABLE_DEBUG_INFO = NO;
				MTL_FAST_MATH = YES;
				SDKROOT = iphoneos;
				VALIDATE_PRODUCT = YES;
			};
			name = Release;
		};
		75EBDF9A21AD17DD008D628A /* Debug */ = {
			isa = XCBuildConfiguration;
			buildSettings = {
				ASSETCATALOG_COMPILER_APPICON_NAME = AppIcon;
				CODE_SIGN_STYLE = Automatic;
				DEVELOPMENT_TEAM = CZD89388LH;
				INFOPLIST_FILE = "RunTime-Method Swizzling/Info.plist";
				LD_RUNPATH_SEARCH_PATHS = (
					"$(inherited)",
					"@executable_path/Frameworks",
				);
				PRODUCT_BUNDLE_IDENTIFIER = "com.futureversion.yydemo.RunTime-Method-Swizzling";
				PRODUCT_NAME = "$(TARGET_NAME)";
				TARGETED_DEVICE_FAMILY = "1,2";
			};
			name = Debug;
		};
		75EBDF9B21AD17DD008D628A /* Release */ = {
			isa = XCBuildConfiguration;
			buildSettings = {
				ASSETCATALOG_COMPILER_APPICON_NAME = AppIcon;
				CODE_SIGN_STYLE = Automatic;
				DEVELOPMENT_TEAM = CZD89388LH;
				INFOPLIST_FILE = "RunTime-Method Swizzling/Info.plist";
				LD_RUNPATH_SEARCH_PATHS = (
					"$(inherited)",
					"@executable_path/Frameworks",
				);
				PRODUCT_BUNDLE_IDENTIFIER = "com.futureversion.yydemo.RunTime-Method-Swizzling";
				PRODUCT_NAME = "$(TARGET_NAME)";
				TARGETED_DEVICE_FAMILY = "1,2";
			};
			name = Release;
		};
/* End XCBuildConfiguration section */

/* Begin XCConfigurationList section */
		75EBDF7E21AD17DC008D628A /* Build configuration list for PBXProject "RunTime-Method Swizzling" */ = {
			isa = XCConfigurationList;
			buildConfigurations = (
				75EBDF9721AD17DD008D628A /* Debug */,
				75EBDF9821AD17DD008D628A /* Release */,
			);
			defaultConfigurationIsVisible = 0;
			defaultConfigurationName = Release;
		};
		75EBDF9921AD17DD008D628A /* Build configuration list for PBXNativeTarget "RunTime-Method Swizzling" */ = {
			isa = XCConfigurationList;
			buildConfigurations = (
				75EBDF9A21AD17DD008D628A /* Debug */,
				75EBDF9B21AD17DD008D628A /* Release */,
			);
			defaultConfigurationIsVisible = 0;
			defaultConfigurationName = Release;
		};
/* End XCConfigurationList section */
	};
	rootObject = 75EBDF7B21AD17DC008D628A /* Project object */;
}
