// !$*UTF8*$!
{
	archiveVersion = 1;
	classes = {
	};
	objectVersion = 50;
	objects = {

/* Begin PBXBuildFile section */
		75EBDFB221AD3B57008D628A /* AppDelegate.m in Sources */ = {isa = PBXBuildFile; fileRef = 75EBDFB121AD3B57008D628A /* AppDelegate.m */; };
		75EBDFB521AD3B57008D628A /* ViewController.m in Sources */ = {isa = PBXBuildFile; fileRef = 75EBDFB421AD3B57008D628A /* ViewController.m */; };
		75EBDFB821AD3B57008D628A /* Main.storyboard in Resources */ = {isa = PBXBuildFile; fileRef = 75EBDFB621AD3B57008D628A /* Main.storyboard */; };
		75EBDFBA21AD3B58008D628A /* Assets.xcassets in Resources */ = {isa = PBXBuildFile; fileRef = 75EBDFB921AD3B58008D628A /* Assets.xcassets */; };
		75EBDFBD21AD3B58008D628A /* LaunchScreen.storyboard in Resources */ = {isa = PBXBuildFile; fileRef = 75EBDFBB21AD3B58008D628A /* LaunchScreen.storyboard */; };
		75EBDFC021AD3B58008D628A /* main.m in Sources */ = {isa = PBXBuildFile; fileRef = 75EBDFBF21AD3B58008D628A /* main.m */; };
		75EBDFC821AD3B8A008D628A /* Person.m in Sources */ = {isa = PBXBuildFile; fileRef = 75EBDFC721AD3B8A008D628A /* Person.m */; };
/* End PBXBuildFile section */

/* Begin PBXFileReference section */
		75EBDFAD21AD3B56008D628A /* Runtime-字典模型互换.app */ = {isa = PBXFileReference; explicitFileType = wrapper.application; includeInIndex = 0; path = "Runtime-字典模型互换.app"; sourceTree = BUILT_PRODUCTS_DIR; };
		75EBDFB021AD3B57008D628A /* AppDelegate.h */ = {isa = PBXFileReference; lastKnownFileType = sourcecode.c.h; path = AppDelegate.h; sourceTree = "<group>"; };
		75EBDFB121AD3B57008D628A /* AppDelegate.m */ = {isa = PBXFileReference; lastKnownFileType = sourcecode.c.objc; path = AppDelegate.m; sourceTree = "<group>"; };
		75EBDFB321AD3B57008D628A /* ViewController.h */ = {isa = PBXFileReference; lastKnownFileType = sourcecode.c.h; path = ViewController.h; sourceTree = "<group>"; };
		75EBDFB421AD3B57008D628A /* ViewController.m */ = {isa = PBXFileReference; lastKnownFileType = sourcecode.c.objc; path = ViewController.m; sourceTree = "<group>"; };
		75EBDFB721AD3B57008D628A /* Base */ = {isa = PBXFileReference; lastKnownFileType = file.storyboard; name = Base; path = Base.lproj/Main.storyboard; sourceTree = "<group>"; };
		75EBDFB921AD3B58008D628A /* Assets.xcassets */ = {isa = PBXFileReference; lastKnownFileType = folder.assetcatalog; path = Assets.xcassets; sourceTree = "<group>"; };
		75EBDFBC21AD3B58008D628A /* Base */ = {isa = PBXFileReference; lastKnownFileType = file.storyboard; name = Base; path = Base.lproj/LaunchScreen.storyboard; sourceTree = "<group>"; };
		75EBDFBE21AD3B58008D628A /* Info.plist */ = {isa = PBXFileReference; lastKnownFileType = text.plist.xml; path = Info.plist; sourceTree = "<group>"; };
		75EBDFBF21AD3B58008D628A /* main.m */ = {isa = PBXFileReference; lastKnownFileType = sourcecode.c.objc; path = main.m; sourceTree = "<group>"; };
		75EBDFC621AD3B8A008D628A /* Person.h */ = {isa = PBXFileReference; lastKnownFileType = sourcecode.c.h; path = Person.h; sourceTree = "<group>"; };
		75EBDFC721AD3B8A008D628A /* Person.m */ = {isa = PBXFileReference; lastKnownFileType = sourcecode.c.objc; path = Person.m; sourceTree = "<group>"; };
/* End PBXFileReference section */

/* Begin PBXFrameworksBuildPhase section */
		75EBDFAA21AD3B56008D628A /* Frameworks */ = {
			isa = PBXFrameworksBuildPhase;
			buildActionMask = 2147483647;
			files = (
			);
			runOnlyForDeploymentPostprocessing = 0;
		};
/* End PBXFrameworksBuildPhase section */

/* Begin PBXGroup section */
		75EBDFA421AD3B56008D628A = {
			isa = PBXGroup;
			children = (
				75EBDFAF21AD3B56008D628A /* Runtime-字典模型互换 */,
				75EBDFAE21AD3B56008D628A /* Products */,
			);
			sourceTree = "<group>";
		};
		75EBDFAE21AD3B56008D628A /* Products */ = {
			isa = PBXGroup;
			children = (
				75EBDFAD21AD3B56008D628A /* Runtime-字典模型互换.app */,
			);
			name = Products;
			sourceTree = "<group>";
		};
		75EBDFAF21AD3B56008D628A /* Runtime-字典模型互换 */ = {
			isa = PBXGroup;
			children = (
				75EBDFB021AD3B57008D628A /* AppDelegate.h */,
				75EBDFB121AD3B57008D628A /* AppDelegate.m */,
				75EBDFB321AD3B57008D628A /* ViewController.h */,
				75EBDFB421AD3B57008D628A /* ViewController.m */,
				75EBDFC621AD3B8A008D628A /* Person.h */,
				75EBDFC721AD3B8A008D628A /* Person.m */,
				75EBDFB621AD3B57008D628A /* Main.storyboard */,
				75EBDFB921AD3B58008D628A /* Assets.xcassets */,
				75EBDFBB21AD3B58008D628A /* LaunchScreen.storyboard */,
				75EBDFBE21AD3B58008D628A /* Info.plist */,
				75EBDFBF21AD3B58008D628A /* main.m */,
			);
			path = "Runtime-字典模型互换";
			sourceTree = "<group>";
		};
/* End PBXGroup section */

/* Begin PBXNativeTarget section */
		75EBDFAC21AD3B56008D628A /* Runtime-字典模型互换 */ = {
			isa = PBXNativeTarget;
			buildConfigurationList = 75EBDFC321AD3B58008D628A /* Build configuration list for PBXNativeTarget "Runtime-字典模型互换" */;
			buildPhases = (
				75EBDFA921AD3B56008D628A /* Sources */,
				75EBDFAA21AD3B56008D628A /* Frameworks */,
				75EBDFAB21AD3B56008D628A /* Resources */,
			);
			buildRules = (
			);
			dependencies = (
			);
			name = "Runtime-字典模型互换";
			productName = "Runtime-字典模型互换";
			productReference = 75EBDFAD21AD3B56008D628A /* Runtime-字典模型互换.app */;
			productType = "com.apple.product-type.application";
		};
/* End PBXNativeTarget section */

/* Begin PBXProject section */
		75EBDFA521AD3B56008D628A /* Project object */ = {
			isa = PBXProject;
			attributes = {
				LastUpgradeCheck = 1010;
				ORGANIZATIONNAME = FetureVersion;
				TargetAttributes = {
					75EBDFAC21AD3B56008D628A = {
						CreatedOnToolsVersion = 10.1;
					};
				};
			};
			buildConfigurationList = 75EBDFA821AD3B56008D628A /* Build configuration list for PBXProject "Runtime-字典模型互换" */;
			compatibilityVersion = "Xcode 9.3";
			developmentRegion = en;
			hasScannedForEncodings = 0;
			knownRegions = (
				en,
				Base,
			);
			mainGroup = 75EBDFA421AD3B56008D628A;
			productRefGroup = 75EBDFAE21AD3B56008D628A /* Products */;
			projectDirPath = "";
			projectRoot = "";
			targets = (
				75EBDFAC21AD3B56008D628A /* Runtime-字典模型互换 */,
			);
		};
/* End PBXProject section */

/* Begin PBXResourcesBuildPhase section */
		75EBDFAB21AD3B56008D628A /* Resources */ = {
			isa = PBXResourcesBuildPhase;
			buildActionMask = 2147483647;
			files = (
				75EBDFBD21AD3B58008D628A /* LaunchScreen.storyboard in Resources */,
				75EBDFBA21AD3B58008D628A /* Assets.xcassets in Resources */,
				75EBDFB821AD3B57008D628A /* Main.storyboard in Resources */,
			);
			runOnlyForDeploymentPostprocessing = 0;
		};
/* End PBXResourcesBuildPhase section */

/* Begin PBXSourcesBuildPhase section */
		75EBDFA921AD3B56008D628A /* Sources */ = {
			isa = PBXSourcesBuildPhase;
			buildActionMask = 2147483647;
			files = (
				75EBDFB521AD3B57008D628A /* ViewController.m in Sources */,
				75EBDFC021AD3B58008D628A /* main.m in Sources */,
				75EBDFC821AD3B8A008D628A /* Person.m in Sources */,
				75EBDFB221AD3B57008D628A /* AppDelegate.m in Sources */,
			);
			runOnlyForDeploymentPostprocessing = 0;
		};
/* End PBXSourcesBuildPhase section */

/* Begin PBXVariantGroup section */
		75EBDFB621AD3B57008D628A /* Main.storyboard */ = {
			isa = PBXVariantGroup;
			children = (
				75EBDFB721AD3B57008D628A /* Base */,
			);
			name = Main.storyboard;
			sourceTree = "<group>";
		};
		75EBDFBB21AD3B58008D628A /* LaunchScreen.storyboard */ = {
			isa = PBXVariantGroup;
			children = (
				75EBDFBC21AD3B58008D628A /* Base */,
			);
			name = LaunchScreen.storyboard;
			sourceTree = "<group>";
		};
/* End PBXVariantGroup section */

/* Begin XCBuildConfiguration section */
		75EBDFC121AD3B58008D628A /* Debug */ = {
			isa = XCBuildConfiguration;
			buildSettings = {
				ALWAYS_SEARCH_USER_PATHS = NO;
				CLANG_ANALYZER_NONNULL = YES;
				CLANG_ANALYZER_NUMBER_OBJECT_CONVERSION = YES_AGGRESSIVE;
				CLANG_CXX_LANGUAGE_STANDARD = "gnu++14";
				CLANG_CXX_LIBRARY = "libc++";
				CLANG_ENABLE_MODULES = YES;
				CLANG_ENABLE_OBJC_ARC = YES;
				CLANG_ENABLE_OBJC_WEAK = YES;
				CLANG_WARN_BLOCK_CAPTURE_AUTORELEASING = YES;
				CLANG_WARN_BOOL_CONVERSION = YES;
				CLANG_WARN_COMMA = YES;
				CLANG_WARN_CONSTANT_CONVERSION = YES;
				CLANG_WARN_DEPRECATED_OBJC_IMPLEMENTATIONS = YES;
				CLANG_WARN_DIRECT_OBJC_ISA_USAGE = YES_ERROR;
				CLANG_WARN_DOCUMENTATION_COMMENTS = YES;
				CLANG_WARN_EMPTY_BODY = YES;
				CLANG_WARN_ENUM_CONVERSION = YES;
				CLANG_WARN_INFINITE_RECURSION = YES;
				CLANG_WARN_INT_CONVERSION = YES;
				CLANG_WARN_NON_LITERAL_NULL_CONVERSION = YES;
				CLANG_WARN_OBJC_IMPLICIT_RETAIN_SELF = YES;
				CLANG_WARN_OBJC_LITERAL_CONVERSION = YES;
				CLANG_WARN_OBJC_ROOT_CLASS = YES_ERROR;
				CLANG_WARN_RANGE_LOOP_ANALYSIS = YES;
				CLANG_WARN_STRICT_PROTOTYPES = YES;
				CLANG_WARN_SUSPICIOUS_MOVE = YES;
				CLANG_WARN_UNGUARDED_AVAILABILITY = YES_AGGRESSIVE;
				CLANG_WARN_UNREACHABLE_CODE = YES;
				CLANG_WARN__DUPLICATE_METHOD_MATCH = YES;
				CODE_SIGN_IDENTITY = "iPhone Developer";
				COPY_PHASE_STRIP = NO;
				DEBUG_INFORMATION_FORMAT = dwarf;
				ENABLE_STRICT_OBJC_MSGSEND = YES;
				ENABLE_TESTABILITY = YES;
				GCC_C_LANGUAGE_STANDARD = gnu11;
				GCC_DYNAMIC_NO_PIC = NO;
				GCC_NO_COMMON_BLOCKS = YES;
				GCC_OPTIMIZATION_LEVEL = 0;
				GCC_PREPROCESSOR_DEFINITIONS = (
					"DEBUG=1",
					"$(inherited)",
				);
				GCC_WARN_64_TO_32_BIT_CONVERSION = YES;
				GCC_WARN_ABOUT_RETURN_TYPE = YES_ERROR;
				GCC_WARN_UNDECLARED_SELECTOR = YES;
				GCC_WARN_UNINITIALIZED_AUTOS = YES_AGGRESSIVE;
				GCC_WARN_UNUSED_FUNCTION = YES;
				GCC_WARN_UNUSED_VARIABLE = YES;
				IPHONEOS_DEPLOYMENT_TARGET = 12.1;
				MTL_ENABLE_DEBUG_INFO = INCLUDE_SOURCE;
				MTL_FAST_MATH = YES;
				ONLY_ACTIVE_ARCH = YES;
				SDKROOT = iphoneos;
			};
			name = Debug;
		};
		75EBDFC221AD3B58008D628A /* Release */ = {
			isa = XCBuildConfiguration;
			buildSettings = {
				ALWAYS_SEARCH_USER_PATHS = NO;
				CLANG_ANALYZER_NONNULL = YES;
				CLANG_ANALYZER_NUMBER_OBJECT_CONVERSION = YES_AGGRESSIVE;
				CLANG_CXX_LANGUAGE_STANDARD = "gnu++14";
				CLANG_CXX_LIBRARY = "libc++";
				CLANG_ENABLE_MODULES = YES;
				CLANG_ENABLE_OBJC_ARC = YES;
				CLANG_ENABLE_OBJC_WEAK = YES;
				CLANG_WARN_BLOCK_CAPTURE_AUTORELEASING = YES;
				CLANG_WARN_BOOL_CONVERSION = YES;
				CLANG_WARN_COMMA = YES;
				CLANG_WARN_CONSTANT_CONVERSION = YES;
				CLANG_WARN_DEPRECATED_OBJC_IMPLEMENTATIONS = YES;
				CLANG_WARN_DIRECT_OBJC_ISA_USAGE = YES_ERROR;
				CLANG_WARN_DOCUMENTATION_COMMENTS = YES;
				CLANG_WARN_EMPTY_BODY = YES;
				CLANG_WARN_ENUM_CONVERSION = YES;
				CLANG_WARN_INFINITE_RECURSION = YES;
				CLANG_WARN_INT_CONVERSION = YES;
				CLANG_WARN_NON_LITERAL_NULL_CONVERSION = YES;
				CLANG_WARN_OBJC_IMPLICIT_RETAIN_SELF = YES;
				CLANG_WARN_OBJC_LITERAL_CONVERSION = YES;
				CLANG_WARN_OBJC_ROOT_CLASS = YES_ERROR;
				CLANG_WARN_RANGE_LOOP_ANALYSIS = YES;
				CLANG_WARN_STRICT_PROTOTYPES = YES;
				CLANG_WARN_SUSPICIOUS_MOVE = YES;
				CLANG_WARN_UNGUARDED_AVAILABILITY = YES_AGGRESSIVE;
				CLANG_WARN_UNREACHABLE_CODE = YES;
				CLANG_WARN__DUPLICATE_METHOD_MATCH = YES;
				CODE_SIGN_IDENTITY = "iPhone Developer";
				COPY_PHASE_STRIP = NO;
				DEBUG_INFORMATION_FORMAT = "dwarf-with-dsym";
				ENABLE_NS_ASSERTIONS = NO;
				ENABLE_STRICT_OBJC_MSGSEND = YES;
				GCC_C_LANGUAGE_STANDARD = gnu11;
				GCC_NO_COMMON_BLOCKS = YES;
				GCC_WARN_64_TO_32_BIT_CONVERSION = YES;
				GCC_WARN_ABOUT_RETURN_TYPE = YES_ERROR;
				GCC_WARN_UNDECLARED_SELECTOR = YES;
				GCC_WARN_UNINITIALIZED_AUTOS = YES_AGGRESSIVE;
				GCC_WARN_UNUSED_FUNCTION = YES;
				GCC_WARN_UNUSED_VARIABLE = YES;
				IPHONEOS_DEPLOYMENT_TARGET = 12.1;
				MTL_ENABLE_DEBUG_INFO = NO;
				MTL_FAST_MATH = YES;
				SDKROOT = iphoneos;
				VALIDATE_PRODUCT = YES;
			};
			name = Release;
		};
		75EBDFC421AD3B58008D628A /* Debug */ = {
			isa = XCBuildConfiguration;
			buildSettings = {
				ASSETCATALOG_COMPILER_APPICON_NAME = AppIcon;
				CODE_SIGN_STYLE = Manual;
				DEVELOPMENT_TEAM = "";
				INFOPLIST_FILE = "Runtime-字典模型互换/Info.plist";
				LD_RUNPATH_SEARCH_PATHS = (
					"$(inherited)",
					"@executable_path/Frameworks",
				);
				PRODUCT_BUNDLE_IDENTIFIER = "com.futureversion.yydemo.Runtime-------";
				PRODUCT_NAME = "$(TARGET_NAME)";
				PROVISIONING_PROFILE_SPECIFIER = "";
				TARGETED_DEVICE_FAMILY = "1,2";
			};
			name = Debug;
		};
		75EBDFC521AD3B58008D628A /* Release */ = {
			isa = XCBuildConfiguration;
			buildSettings = {
				ASSETCATALOG_COMPILER_APPICON_NAME = AppIcon;
				CODE_SIGN_STYLE = Manual;
				DEVELOPMENT_TEAM = "";
				INFOPLIST_FILE = "Runtime-字典模型互换/Info.plist";
				LD_RUNPATH_SEARCH_PATHS = (
					"$(inherited)",
					"@executable_path/Frameworks",
				);
				PRODUCT_BUNDLE_IDENTIFIER = "com.futureversion.yydemo.Runtime-------";
				PRODUCT_NAME = "$(TARGET_NAME)";
				PROVISIONING_PROFILE_SPECIFIER = "";
				TARGETED_DEVICE_FAMILY = "1,2";
			};
			name = Release;
		};
/* End XCBuildConfiguration section */

/* Begin XCConfigurationList section */
		75EBDFA821AD3B56008D628A /* Build configuration list for PBXProject "Runtime-字典模型互换" */ = {
			isa = XCConfigurationList;
			buildConfigurations = (
				75EBDFC121AD3B58008D628A /* Debug */,
				75EBDFC221AD3B58008D628A /* Release */,
			);
			defaultConfigurationIsVisible = 0;
			defaultConfigurationName = Release;
		};
		75EBDFC321AD3B58008D628A /* Build configuration list for PBXNativeTarget "Runtime-字典模型互换" */ = {
			isa = XCConfigurationList;
			buildConfigurations = (
				75EBDFC421AD3B58008D628A /* Debug */,
				75EBDFC521AD3B58008D628A /* Release */,
			);
			defaultConfigurationIsVisible = 0;
			defaultConfigurationName = Release;
		};
/* End XCConfigurationList section */
	};
	rootObject = 75EBDFA521AD3B56008D628A /* Project object */;
}
